
Microsoft Visual Studio Solution File, Format Version 12.00
# Visual Studio Version 17
VisualStudioVersion = 17.2.32526.322
MinimumVisualStudioVersion = 10.0.40219.1
Project("{FAE04EC0-301F-11D3-BF4B-00C04F79EFBC}") = "ToursCompany", "ToursCompany\ToursCompany.csproj", "{FF3158A7-D1C0-4FA3-BB9F-C79D0D682659}"
EndProject
Global
	GlobalSection(SolutionConfigurationPlatforms) = preSolution
		Debug|Any CPU = Debug|Any CPU
		Release|Any CPU = Release|Any CPU
	EndGlobalSection
	GlobalSection(ProjectConfigurationPlatforms) = postSolution
		{FF3158A7-D1C0-4FA3-BB9F-C79D0D682659}.Debug|Any CPU.ActiveCfg = Debug|Any CPU
		{FF3158A7-D1C0-4FA3-BB9F-C79D0D682659}.Debug|Any CPU.Build.0 = Debug|Any CPU
		{FF3158A7-D1C0-4FA3-BB9F-C79D0D682659}.Release|Any CPU.ActiveCfg = Release|Any CPU
		{FF3158A7-D1C0-4FA3-BB9F-C79D0D682659}.Release|Any CPU.Build.0 = Release|Any CPU
	EndGlobalSection
	GlobalSection(SolutionProperties) = preSolution
		HideSolutionNode = FALSE
	EndGlobalSection
	GlobalSection(ExtensibilityGlobals) = postSolution
		SolutionGuid = {12EFEBB4-FBC5-4F88-A832-03996B36D888}
	EndGlobalSection
EndGlobal
